// !$*UTF8*$!
{
	archiveVersion = 1;
	classes = {
	};
	objectVersion = 55;
	objects = {

/* Begin PBXBuildFile section */
		18737872297EDC42007ED548 /* GoogleService-Info.plist in Resources */ = {isa = PBXBuildFile; fileRef = 18737871297EDC42007ED548 /* GoogleService-Info.plist */; };
		18755AEF298017D0009EDE73 /* ChatModel.swift in Sources */ = {isa = PBXBuildFile; fileRef = 18755AEE298017D0009EDE73 /* ChatModel.swift */; };
		18755AF129802167009EDE73 /* Constant.swift in Sources */ = {isa = PBXBuildFile; fileRef = 18755AF029802167009EDE73 /* Constant.swift */; };
		18C18FC229791A990097E071 /* AppDelegate.swift in Sources */ = {isa = PBXBuildFile; fileRef = 18C18FC129791A990097E071 /* AppDelegate.swift */; };
		18C18FC429791A990097E071 /* SceneDelegate.swift in Sources */ = {isa = PBXBuildFile; fileRef = 18C18FC329791A990097E071 /* SceneDelegate.swift */; };
		18C18FC929791A990097E071 /* Main.storyboard in Resources */ = {isa = PBXBuildFile; fileRef = 18C18FC729791A990097E071 /* Main.storyboard */; };
		18C18FCB29791A9C0097E071 /* Assets.xcassets in Resources */ = {isa = PBXBuildFile; fileRef = 18C18FCA29791A9C0097E071 /* Assets.xcassets */; };
		18C18FCE29791A9C0097E071 /* LaunchScreen.storyboard in Resources */ = {isa = PBXBuildFile; fileRef = 18C18FCC29791A9C0097E071 /* LaunchScreen.storyboard */; };
		18C18FD629791B120097E071 /* ChatVC.swift in Sources */ = {isa = PBXBuildFile; fileRef = 18C18FD529791B120097E071 /* ChatVC.swift */; };
		18C18FD929791BC40097E071 /* ChatTblCell.swift in Sources */ = {isa = PBXBuildFile; fileRef = 18C18FD729791BC40097E071 /* ChatTblCell.swift */; };
		18C18FDA29791BC40097E071 /* ChatTblCell.xib in Resources */ = {isa = PBXBuildFile; fileRef = 18C18FD829791BC40097E071 /* ChatTblCell.xib */; };
		18C2A499298173FA00008BE2 /* ChatListController.swift in Sources */ = {isa = PBXBuildFile; fileRef = 18C2A498298173FA00008BE2 /* ChatListController.swift */; };
		18C2A49C2981754C00008BE2 /* ChatListCell.swift in Sources */ = {isa = PBXBuildFile; fileRef = 18C2A49A2981754C00008BE2 /* ChatListCell.swift */; };
		18C2A49D2981754C00008BE2 /* ChatListCell.xib in Resources */ = {isa = PBXBuildFile; fileRef = 18C2A49B2981754C00008BE2 /* ChatListCell.xib */; };
		30644FE47C2D13813FEA65FE /* Pods_IndoChat.framework in Frameworks */ = {isa = PBXBuildFile; fileRef = F50CE918AC12E4A69711AA19 /* Pods_IndoChat.framework */; };
/* End PBXBuildFile section */

/* Begin PBXFileReference section */
		18737871297EDC42007ED548 /* GoogleService-Info.plist */ = {isa = PBXFileReference; fileEncoding = 4; lastKnownFileType = text.plist.xml; path = "GoogleService-Info.plist"; sourceTree = "<group>"; };
		18755AEE298017D0009EDE73 /* ChatModel.swift */ = {isa = PBXFileReference; lastKnownFileType = sourcecode.swift; path = ChatModel.swift; sourceTree = "<group>"; };
		18755AF029802167009EDE73 /* Constant.swift */ = {isa = PBXFileReference; lastKnownFileType = sourcecode.swift; path = Constant.swift; sourceTree = "<group>"; };
		18C18FBE29791A990097E071 /* IndoChat.app */ = {isa = PBXFileReference; explicitFileType = wrapper.application; includeInIndex = 0; path = IndoChat.app; sourceTree = BUILT_PRODUCTS_DIR; };
		18C18FC129791A990097E071 /* AppDelegate.swift */ = {isa = PBXFileReference; lastKnownFileType = sourcecode.swift; path = AppDelegate.swift; sourceTree = "<group>"; };
		18C18FC329791A990097E071 /* SceneDelegate.swift */ = {isa = PBXFileReference; lastKnownFileType = sourcecode.swift; path = SceneDelegate.swift; sourceTree = "<group>"; };
		18C18FC829791A990097E071 /* Base */ = {isa = PBXFileReference; lastKnownFileType = file.storyboard; name = Base; path = Base.lproj/Main.storyboard; sourceTree = "<group>"; };
		18C18FCA29791A9C0097E071 /* Assets.xcassets */ = {isa = PBXFileReference; lastKnownFileType = folder.assetcatalog; path = Assets.xcassets; sourceTree = "<group>"; };
		18C18FCD29791A9C0097E071 /* Base */ = {isa = PBXFileReference; lastKnownFileType = file.storyboard; name = Base; path = Base.lproj/LaunchScreen.storyboard; sourceTree = "<group>"; };
		18C18FCF29791A9C0097E071 /* Info.plist */ = {isa = PBXFileReference; lastKnownFileType = text.plist.xml; path = Info.plist; sourceTree = "<group>"; };
		18C18FD529791B120097E071 /* ChatVC.swift */ = {isa = PBXFileReference; lastKnownFileType = sourcecode.swift; path = ChatVC.swift; sourceTree = "<group>"; };
		18C18FD729791BC40097E071 /* ChatTblCell.swift */ = {isa = PBXFileReference; lastKnownFileType = sourcecode.swift; path = ChatTblCell.swift; sourceTree = "<group>"; };
		18C18FD829791BC40097E071 /* ChatTblCell.xib */ = {isa = PBXFileReference; lastKnownFileType = file.xib; path = ChatTblCell.xib; sourceTree = "<group>"; };
		18C2A498298173FA00008BE2 /* ChatListController.swift */ = {isa = PBXFileReference; lastKnownFileType = sourcecode.swift; path = ChatListController.swift; sourceTree = "<group>"; };
		18C2A49A2981754C00008BE2 /* ChatListCell.swift */ = {isa = PBXFileReference; lastKnownFileType = sourcecode.swift; path = ChatListCell.swift; sourceTree = "<group>"; };
		18C2A49B2981754C00008BE2 /* ChatListCell.xib */ = {isa = PBXFileReference; lastKnownFileType = file.xib; path = ChatListCell.xib; sourceTree = "<group>"; };
		52C98EBD00E5142F48F04D92 /* Pods-IndoChat.release.xcconfig */ = {isa = PBXFileReference; includeInIndex = 1; lastKnownFileType = text.xcconfig; name = "Pods-IndoChat.release.xcconfig"; path = "Target Support Files/Pods-IndoChat/Pods-IndoChat.release.xcconfig"; sourceTree = "<group>"; };
		706D0349DC503AA3BCB9C195 /* Pods-IndoChat.debug.xcconfig */ = {isa = PBXFileReference; includeInIndex = 1; lastKnownFileType = text.xcconfig; name = "Pods-IndoChat.debug.xcconfig"; path = "Target Support Files/Pods-IndoChat/Pods-IndoChat.debug.xcconfig"; sourceTree = "<group>"; };
		F50CE918AC12E4A69711AA19 /* Pods_IndoChat.framework */ = {isa = PBXFileReference; explicitFileType = wrapper.framework; includeInIndex = 0; path = Pods_IndoChat.framework; sourceTree = BUILT_PRODUCTS_DIR; };
/* End PBXFileReference section */

/* Begin PBXFrameworksBuildPhase section */
		18C18FBB29791A990097E071 /* Frameworks */ = {
			isa = PBXFrameworksBuildPhase;
			buildActionMask = 2147483647;
			files = (
				30644FE47C2D13813FEA65FE /* Pods_IndoChat.framework in Frameworks */,
			);
			runOnlyForDeploymentPostprocessing = 0;
		};
/* End PBXFrameworksBuildPhase section */

/* Begin PBXGroup section */
		18C18FB529791A990097E071 = {
			isa = PBXGroup;
			children = (
				18737871297EDC42007ED548 /* GoogleService-Info.plist */,
				18C18FC029791A990097E071 /* IndoChat */,
				18C18FBF29791A990097E071 /* Products */,
				A2D944BD33EE7A1770734D67 /* Pods */,
				54FC99626237E72267CB34A5 /* Frameworks */,
			);
			sourceTree = "<group>";
		};
		18C18FBF29791A990097E071 /* Products */ = {
			isa = PBXGroup;
			children = (
				18C18FBE29791A990097E071 /* IndoChat.app */,
			);
			name = Products;
			sourceTree = "<group>";
		};
		18C18FC029791A990097E071 /* IndoChat */ = {
			isa = PBXGroup;
			children = (
				18F6557E29840327007B6FB9 /* Chat_file */,
				18C18FC129791A990097E071 /* AppDelegate.swift */,
				18C18FC329791A990097E071 /* SceneDelegate.swift */,
				18C18FC729791A990097E071 /* Main.storyboard */,
				18C18FCA29791A9C0097E071 /* Assets.xcassets */,
				18C18FCC29791A9C0097E071 /* LaunchScreen.storyboard */,
				18C18FCF29791A9C0097E071 /* Info.plist */,
			);
			path = IndoChat;
			sourceTree = "<group>";
		};
		18F6557E29840327007B6FB9 /* Chat_file */ = {
			isa = PBXGroup;
			children = (
				18755AEE298017D0009EDE73 /* ChatModel.swift */,
				18755AF029802167009EDE73 /* Constant.swift */,
				18C2A498298173FA00008BE2 /* ChatListController.swift */,
				18C2A49A2981754C00008BE2 /* ChatListCell.swift */,
				18C2A49B2981754C00008BE2 /* ChatListCell.xib */,
				18C18FD529791B120097E071 /* ChatVC.swift */,
				18C18FD829791BC40097E071 /* ChatTblCell.xib */,
				18C18FD729791BC40097E071 /* ChatTblCell.swift */,
			);
			path = Chat_file;
			sourceTree = "<group>";
		};
		54FC99626237E72267CB34A5 /* Frameworks */ = {
			isa = PBXGroup;
			children = (
				F50CE918AC12E4A69711AA19 /* Pods_IndoChat.framework */,
			);
			name = Frameworks;
			sourceTree = "<group>";
		};
		A2D944BD33EE7A1770734D67 /* Pods */ = {
			isa = PBXGroup;
			children = (
				706D0349DC503AA3BCB9C195 /* Pods-IndoChat.debug.xcconfig */,
				52C98EBD00E5142F48F04D92 /* Pods-IndoChat.release.xcconfig */,
			);
			path = Pods;
			sourceTree = "<group>";
		};
/* End PBXGroup section */

/* Begin PBXNativeTarget section */
		18C18FBD29791A990097E071 /* IndoChat */ = {
			isa = PBXNativeTarget;
			buildConfigurationList = 18C18FD229791A9C0097E071 /* Build configuration list for PBXNativeTarget "IndoChat" */;
			buildPhases = (
				78EA71FFAF0EDF004235A634 /* [CP] Check Pods Manifest.lock */,
				18C18FBA29791A990097E071 /* Sources */,
				18C18FBB29791A990097E071 /* Frameworks */,
				18C18FBC29791A990097E071 /* Resources */,
				9E286878E2D02D6ED61EA90C /* [CP] Embed Pods Frameworks */,
			);
			buildRules = (
			);
			dependencies = (
			);
			name = IndoChat;
			productName = IndoChat;
			productReference = 18C18FBE29791A990097E071 /* IndoChat.app */;
			productType = "com.apple.product-type.application";
		};
/* End PBXNativeTarget section */

/* Begin PBXProject section */
		18C18FB629791A990097E071 /* Project object */ = {
			isa = PBXProject;
			attributes = {
				BuildIndependentTargetsInParallel = 1;
				LastSwiftUpdateCheck = 1300;
				LastUpgradeCheck = 1300;
				TargetAttributes = {
					18C18FBD29791A990097E071 = {
						CreatedOnToolsVersion = 13.0;
					};
				};
			};
			buildConfigurationList = 18C18FB929791A990097E071 /* Build configuration list for PBXProject "IndoChat" */;
			compatibilityVersion = "Xcode 13.0";
			developmentRegion = en;
			hasScannedForEncodings = 0;
			knownRegions = (
				en,
				Base,
			);
			mainGroup = 18C18FB529791A990097E071;
			productRefGroup = 18C18FBF29791A990097E071 /* Products */;
			projectDirPath = "";
			projectRoot = "";
			targets = (
				18C18FBD29791A990097E071 /* IndoChat */,
			);
		};
/* End PBXProject section */

/* Begin PBXResourcesBuildPhase section */
		18C18FBC29791A990097E071 /* Resources */ = {
			isa = PBXResourcesBuildPhase;
			buildActionMask = 2147483647;
			files = (
				18C18FCE29791A9C0097E071 /* LaunchScreen.storyboard in Resources */,
				18C18FCB29791A9C0097E071 /* Assets.xcassets in Resources */,
				18C18FDA29791BC40097E071 /* ChatTblCell.xib in Resources */,
				18C18FC929791A990097E071 /* Main.storyboard in Resources */,
				18737872297EDC42007ED548 /* GoogleService-Info.plist in Resources */,
				18C2A49D2981754C00008BE2 /* ChatListCell.xib in Resources */,
			);
			runOnlyForDeploymentPostprocessing = 0;
		};
/* End PBXResourcesBuildPhase section */

/* Begin PBXShellScriptBuildPhase section */
		78EA71FFAF0EDF004235A634 /* [CP] Check Pods Manifest.lock */ = {
			isa = PBXShellScriptBuildPhase;
			buildActionMask = 2147483647;
			files = (
			);
			inputFileListPaths = (
			);
			inputPaths = (
				"${PODS_PODFILE_DIR_PATH}/Podfile.lock",
				"${PODS_ROOT}/Manifest.lock",
			);
			name = "[CP] Check Pods Manifest.lock";
			outputFileListPaths = (
			);
			outputPaths = (
				"$(DERIVED_FILE_DIR)/Pods-IndoChat-checkManifestLockResult.txt",
			);
			runOnlyForDeploymentPostprocessing = 0;
			shellPath = /bin/sh;
			shellScript = "diff \"${PODS_PODFILE_DIR_PATH}/Podfile.lock\" \"${PODS_ROOT}/Manifest.lock\" > /dev/null\nif [ $? != 0 ] ; then\n    # print error to STDERR\n    echo \"error: The sandbox is not in sync with the Podfile.lock. Run 'pod install' or update your CocoaPods installation.\" >&2\n    exit 1\nfi\n# This output is used by Xcode 'outputs' to avoid re-running this script phase.\necho \"SUCCESS\" > \"${SCRIPT_OUTPUT_FILE_0}\"\n";
			showEnvVarsInLog = 0;
		};
		9E286878E2D02D6ED61EA90C /* [CP] Embed Pods Frameworks */ = {
			isa = PBXShellScriptBuildPhase;
			buildActionMask = 2147483647;
			files = (
			);
			inputFileListPaths = (
				"${PODS_ROOT}/Target Support Files/Pods-IndoChat/Pods-IndoChat-frameworks-${CONFIGURATION}-input-files.xcfilelist",
			);
			name = "[CP] Embed Pods Frameworks";
			outputFileListPaths = (
				"${PODS_ROOT}/Target Support Files/Pods-IndoChat/Pods-IndoChat-frameworks-${CONFIGURATION}-output-files.xcfilelist",
			);
			runOnlyForDeploymentPostprocessing = 0;
			shellPath = /bin/sh;
			shellScript = "\"${PODS_ROOT}/Target Support Files/Pods-IndoChat/Pods-IndoChat-frameworks.sh\"\n";
			showEnvVarsInLog = 0;
		};
/* End PBXShellScriptBuildPhase section */

/* Begin PBXSourcesBuildPhase section */
		18C18FBA29791A990097E071 /* Sources */ = {
			isa = PBXSourcesBuildPhase;
			buildActionMask = 2147483647;
			files = (
				18755AEF298017D0009EDE73 /* ChatModel.swift in Sources */,
				18C2A49C2981754C00008BE2 /* ChatListCell.swift in Sources */,
				18C18FD629791B120097E071 /* ChatVC.swift in Sources */,
				18C18FC229791A990097E071 /* AppDelegate.swift in Sources */,
				18C2A499298173FA00008BE2 /* ChatListController.swift in Sources */,
				18C18FD929791BC40097E071 /* ChatTblCell.swift in Sources */,
				18C18FC429791A990097E071 /* SceneDelegate.swift in Sources */,
				18755AF129802167009EDE73 /* Constant.swift in Sources */,
			);
			runOnlyForDeploymentPostprocessing = 0;
		};
/* End PBXSourcesBuildPhase section */

/* Begin PBXVariantGroup section */
		18C18FC729791A990097E071 /* Main.storyboard */ = {
			isa = PBXVariantGroup;
			children = (
				18C18FC829791A990097E071 /* Base */,
			);
			name = Main.storyboard;
			sourceTree = "<group>";
		};
		18C18FCC29791A9C0097E071 /* LaunchScreen.storyboard */ = {
			isa = PBXVariantGroup;
			children = (
				18C18FCD29791A9C0097E071 /* Base */,
			);
			name = LaunchScreen.storyboard;
			sourceTree = "<group>";
		};
/* End PBXVariantGroup section */

/* Begin XCBuildConfiguration section */
		18C18FD029791A9C0097E071 /* Debug */ = {
			isa = XCBuildConfiguration;
			buildSettings = {
				ALWAYS_SEARCH_USER_PATHS = NO;
				CLANG_ANALYZER_NONNULL = YES;
				CLANG_ANALYZER_NUMBER_OBJECT_CONVERSION = YES_AGGRESSIVE;
				CLANG_CXX_LANGUAGE_STANDARD = "gnu++17";
				CLANG_CXX_LIBRARY = "libc++";
				CLANG_ENABLE_MODULES = YES;
				CLANG_ENABLE_OBJC_ARC = YES;
				CLANG_ENABLE_OBJC_WEAK = YES;
				CLANG_WARN_BLOCK_CAPTURE_AUTORELEASING = YES;
				CLANG_WARN_BOOL_CONVERSION = YES;
				CLANG_WARN_COMMA = YES;
				CLANG_WARN_CONSTANT_CONVERSION = YES;
				CLANG_WARN_DEPRECATED_OBJC_IMPLEMENTATIONS = YES;
				CLANG_WARN_DIRECT_OBJC_ISA_USAGE = YES_ERROR;
				CLANG_WARN_DOCUMENTATION_COMMENTS = YES;
				CLANG_WARN_EMPTY_BODY = YES;
				CLANG_WARN_ENUM_CONVERSION = YES;
				CLANG_WARN_INFINITE_RECURSION = YES;
				CLANG_WARN_INT_CONVERSION = YES;
				CLANG_WARN_NON_LITERAL_NULL_CONVERSION = YES;
				CLANG_WARN_OBJC_IMPLICIT_RETAIN_SELF = YES;
				CLANG_WARN_OBJC_LITERAL_CONVERSION = YES;
				CLANG_WARN_OBJC_ROOT_CLASS = YES_ERROR;
				CLANG_WARN_QUOTED_INCLUDE_IN_FRAMEWORK_HEADER = YES;
				CLANG_WARN_RANGE_LOOP_ANALYSIS = YES;
				CLANG_WARN_STRICT_PROTOTYPES = YES;
				CLANG_WARN_SUSPICIOUS_MOVE = YES;
				CLANG_WARN_UNGUARDED_AVAILABILITY = YES_AGGRESSIVE;
				CLANG_WARN_UNREACHABLE_CODE = YES;
				CLANG_WARN__DUPLICATE_METHOD_MATCH = YES;
				COPY_PHASE_STRIP = NO;
				DEBUG_INFORMATION_FORMAT = dwarf;
				ENABLE_STRICT_OBJC_MSGSEND = YES;
				ENABLE_TESTABILITY = YES;
				GCC_C_LANGUAGE_STANDARD = gnu11;
				GCC_DYNAMIC_NO_PIC = NO;
				GCC_NO_COMMON_BLOCKS = YES;
				GCC_OPTIMIZATION_LEVEL = 0;
				GCC_PREPROCESSOR_DEFINITIONS = (
					"DEBUG=1",
					"$(inherited)",
				);
				GCC_WARN_64_TO_32_BIT_CONVERSION = YES;
				GCC_WARN_ABOUT_RETURN_TYPE = YES_ERROR;
				GCC_WARN_UNDECLARED_SELECTOR = YES;
				GCC_WARN_UNINITIALIZED_AUTOS = YES_AGGRESSIVE;
				GCC_WARN_UNUSED_FUNCTION = YES;
				GCC_WARN_UNUSED_VARIABLE = YES;
				IPHONEOS_DEPLOYMENT_TARGET = 15.0;
				MTL_ENABLE_DEBUG_INFO = INCLUDE_SOURCE;
				MTL_FAST_MATH = YES;
				ONLY_ACTIVE_ARCH = YES;
				SDKROOT = iphoneos;
				SWIFT_ACTIVE_COMPILATION_CONDITIONS = DEBUG;
				SWIFT_OPTIMIZATION_LEVEL = "-Onone";
			};
			name = Debug;
		};
		18C18FD129791A9C0097E071 /* Release */ = {
			isa = XCBuildConfiguration;
			buildSettings = {
				ALWAYS_SEARCH_USER_PATHS = NO;
				CLANG_ANALYZER_NONNULL = YES;
				CLANG_ANALYZER_NUMBER_OBJECT_CONVERSION = YES_AGGRESSIVE;
				CLANG_CXX_LANGUAGE_STANDARD = "gnu++17";
				CLANG_CXX_LIBRARY = "libc++";
				CLANG_ENABLE_MODULES = YES;
				CLANG_ENABLE_OBJC_ARC = YES;
				CLANG_ENABLE_OBJC_WEAK = YES;
				CLANG_WARN_BLOCK_CAPTURE_AUTORELEASING = YES;
				CLANG_WARN_BOOL_CONVERSION = YES;
				CLANG_WARN_COMMA = YES;
				CLANG_WARN_CONSTANT_CONVERSION = YES;
				CLANG_WARN_DEPRECATED_OBJC_IMPLEMENTATIONS = YES;
				CLANG_WARN_DIRECT_OBJC_ISA_USAGE = YES_ERROR;
				CLANG_WARN_DOCUMENTATION_COMMENTS = YES;
				CLANG_WARN_EMPTY_BODY = YES;
				CLANG_WARN_ENUM_CONVERSION = YES;
				CLANG_WARN_INFINITE_RECURSION = YES;
				CLANG_WARN_INT_CONVERSION = YES;
				CLANG_WARN_NON_LITERAL_NULL_CONVERSION = YES;
				CLANG_WARN_OBJC_IMPLICIT_RETAIN_SELF = YES;
				CLANG_WARN_OBJC_LITERAL_CONVERSION = YES;
				CLANG_WARN_OBJC_ROOT_CLASS = YES_ERROR;
				CLANG_WARN_QUOTED_INCLUDE_IN_FRAMEWORK_HEADER = YES;
				CLANG_WARN_RANGE_LOOP_ANALYSIS = YES;
				CLANG_WARN_STRICT_PROTOTYPES = YES;
				CLANG_WARN_SUSPICIOUS_MOVE = YES;
				CLANG_WARN_UNGUARDED_AVAILABILITY = YES_AGGRESSIVE;
				CLANG_WARN_UNREACHABLE_CODE = YES;
				CLANG_WARN__DUPLICATE_METHOD_MATCH = YES;
				COPY_PHASE_STRIP = NO;
				DEBUG_INFORMATION_FORMAT = "dwarf-with-dsym";
				ENABLE_NS_ASSERTIONS = NO;
				ENABLE_STRICT_OBJC_MSGSEND = YES;
				GCC_C_LANGUAGE_STANDARD = gnu11;
				GCC_NO_COMMON_BLOCKS = YES;
				GCC_WARN_64_TO_32_BIT_CONVERSION = YES;
				GCC_WARN_ABOUT_RETURN_TYPE = YES_ERROR;
				GCC_WARN_UNDECLARED_SELECTOR = YES;
				GCC_WARN_UNINITIALIZED_AUTOS = YES_AGGRESSIVE;
				GCC_WARN_UNUSED_FUNCTION = YES;
				GCC_WARN_UNUSED_VARIABLE = YES;
				IPHONEOS_DEPLOYMENT_TARGET = 15.0;
				MTL_ENABLE_DEBUG_INFO = NO;
				MTL_FAST_MATH = YES;
				SDKROOT = iphoneos;
				SWIFT_COMPILATION_MODE = wholemodule;
				SWIFT_OPTIMIZATION_LEVEL = "-O";
				VALIDATE_PRODUCT = YES;
			};
			name = Release;
		};
		18C18FD329791A9C0097E071 /* Debug */ = {
			isa = XCBuildConfiguration;
			baseConfigurationReference = 706D0349DC503AA3BCB9C195 /* Pods-IndoChat.debug.xcconfig */;
			buildSettings = {
				ASSETCATALOG_COMPILER_APPICON_NAME = AppIcon;
				ASSETCATALOG_COMPILER_GLOBAL_ACCENT_COLOR_NAME = AccentColor;
				CODE_SIGN_STYLE = Automatic;
				CURRENT_PROJECT_VERSION = 1;
				GENERATE_INFOPLIST_FILE = YES;
				INFOPLIST_FILE = IndoChat/Info.plist;
				INFOPLIST_KEY_UIApplicationSupportsIndirectInputEvents = YES;
				INFOPLIST_KEY_UILaunchStoryboardName = LaunchScreen;
				INFOPLIST_KEY_UIMainStoryboardFile = Main;
				INFOPLIST_KEY_UISupportedInterfaceOrientations_iPad = "UIInterfaceOrientationPortrait UIInterfaceOrientationPortraitUpsideDown UIInterfaceOrientationLandscapeLeft UIInterfaceOrientationLandscapeRight";
				INFOPLIST_KEY_UISupportedInterfaceOrientations_iPhone = "UIInterfaceOrientationPortrait UIInterfaceOrientationLandscapeLeft UIInterfaceOrientationLandscapeRight";
				LD_RUNPATH_SEARCH_PATHS = (
					"$(inherited)",
					"@executable_path/Frameworks",
				);
				MARKETING_VERSION = 1.0;
				PRODUCT_BUNDLE_IDENTIFIER = "Music-Company.IndoChat";
				PRODUCT_NAME = "$(TARGET_NAME)";
				SWIFT_EMIT_LOC_STRINGS = YES;
				SWIFT_VERSION = 5.0;
				TARGETED_DEVICE_FAMILY = "1,2";
			};
			name = Debug;
		};
		18C18FD429791A9C0097E071 /* Release */ = {
			isa = XCBuildConfiguration;
			baseConfigurationReference = 52C98EBD00E5142F48F04D92 /* Pods-IndoChat.release.xcconfig */;
			buildSettings = {
				ASSETCATALOG_COMPILER_APPICON_NAME = AppIcon;
				ASSETCATALOG_COMPILER_GLOBAL_ACCENT_COLOR_NAME = AccentColor;
				CODE_SIGN_STYLE = Automatic;
				CURRENT_PROJECT_VERSION = 1;
				GENERATE_INFOPLIST_FILE = YES;
				INFOPLIST_FILE = IndoChat/Info.plist;
				INFOPLIST_KEY_UIApplicationSupportsIndirectInputEvents = YES;
				INFOPLIST_KEY_UILaunchStoryboardName = LaunchScreen;
				INFOPLIST_KEY_UIMainStoryboardFile = Main;
				INFOPLIST_KEY_UISupportedInterfaceOrientations_iPad = "UIInterfaceOrientationPortrait UIInterfaceOrientationPortraitUpsideDown UIInterfaceOrientationLandscapeLeft UIInterfaceOrientationLandscapeRight";
				INFOPLIST_KEY_UISupportedInterfaceOrientations_iPhone = "UIInterfaceOrientationPortrait UIInterfaceOrientationLandscapeLeft UIInterfaceOrientationLandscapeRight";
				LD_RUNPATH_SEARCH_PATHS = (
					"$(inherited)",
					"@executable_path/Frameworks",
				);
				MARKETING_VERSION = 1.0;
				PRODUCT_BUNDLE_IDENTIFIER = "Music-Company.IndoChat";
				PRODUCT_NAME = "$(TARGET_NAME)";
				SWIFT_EMIT_LOC_STRINGS = YES;
				SWIFT_VERSION = 5.0;
				TARGETED_DEVICE_FAMILY = "1,2";
			};
			name = Release;
		};
/* End XCBuildConfiguration section */

/* Begin XCConfigurationList section */
		18C18FB929791A990097E071 /* Build configuration list for PBXProject "IndoChat" */ = {
			isa = XCConfigurationList;
			buildConfigurations = (
				18C18FD029791A9C0097E071 /* Debug */,
				18C18FD129791A9C0097E071 /* Release */,
			);
			defaultConfigurationIsVisible = 0;
			defaultConfigurationName = Release;
		};
		18C18FD229791A9C0097E071 /* Build configuration list for PBXNativeTarget "IndoChat" */ = {
			isa = XCConfigurationList;
			buildConfigurations = (
				18C18FD329791A9C0097E071 /* Debug */,
				18C18FD429791A9C0097E071 /* Release */,
			);
			defaultConfigurationIsVisible = 0;
			defaultConfigurationName = Release;
		};
/* End XCConfigurationList section */
	};
	rootObject = 18C18FB629791A990097E071 /* Project object */;
}
